# THIS IS AN AUTOGENERATED FILE. DO NOT EDIT THIS FILE DIRECTLY.
# yarn lockfile v1


chalk@5.1.2:
  version "5.1.2"
  resolved "https://registry.yarnpkg.com/chalk/-/chalk-5.1.2.tgz#d957f370038b75ac572471e83be4c5ca9f8e8c45"
  integrity sha512-E5CkT4jWURs1Vy5qGJye+XwCkNj7Od3Af7CP6SujMetSMkLs8Do2RWJK5yx1wamHV/op8Rz+9rltjaTQWDnEFQ==
